
Microsoft Visual Studio Solution File, Format Version 12.00
# Visual Studio Version 17
VisualStudioVersion = 17.14.36221.1
MinimumVisualStudioVersion = 10.0.40219.1
Project("{FAE04EC0-301F-11D3-BF4B-00C04F79EFBC}") = "SemanticKernelWebApp", "SemanticKernelWebApp\SemanticKernelWebApp.csproj", "{B6A57631-1AEE-4407-99CF-319186CAF225}"
EndProject
Project("{2150E333-8FDC-42A3-9474-1A3956D46DE8}") = "Solution Items", "Solution Items", "{089100B1-113F-4E66-888A-E83F3999EAFD}"
	ProjectSection(SolutionItems) = preProject
		.editorconfig = .editorconfig
		Directory.Build.props = Directory.Build.props
	EndProjectSection
EndProject
Global
	GlobalSection(SolutionConfigurationPlatforms) = preSolution
		Debug|Any CPU = Debug|Any CPU
		Release|Any CPU = Release|Any CPU
	EndGlobalSection
	GlobalSection(ProjectConfigurationPlatforms) = postSolution
		{B6A57631-1AEE-4407-99CF-319186CAF225}.Debug|Any CPU.ActiveCfg = Debug|Any CPU
		{B6A57631-1AEE-4407-99CF-319186CAF225}.Debug|Any CPU.Build.0 = Debug|Any CPU
		{B6A57631-1AEE-4407-99CF-319186CAF225}.Release|Any CPU.ActiveCfg = Release|Any CPU
		{B6A57631-1AEE-4407-99CF-319186CAF225}.Release|Any CPU.Build.0 = Release|Any CPU
	EndGlobalSection
	GlobalSection(SolutionProperties) = preSolution
		HideSolutionNode = FALSE
	EndGlobalSection
	GlobalSection(ExtensibilityGlobals) = postSolution
		SolutionGuid = {5C26C97B-9315-44E6-B506-12AAD4558E71}
	EndGlobalSection
EndGlobal
